// !$*UTF8*$!
{
	archiveVersion = 1;
	classes = {
	};
	objectVersion = 51;
	objects = {

/* Begin PBXBuildFile section */
		4125884C80CBB967054EDEC0 /* Pods_RecipleaseTests.framework in Frameworks */ = {isa = PBXBuildFile; fileRef = 9F55E5A1A79A43D40ADA0D55 /* Pods_RecipleaseTests.framework */; };
		4656CE262243EFEB000ED1D1 /* AppDelegate.swift in Sources */ = {isa = PBXBuildFile; fileRef = 4656CE252243EFEB000ED1D1 /* AppDelegate.swift */; };
		4656CE282243EFEB000ED1D1 /* SearchController.swift in Sources */ = {isa = PBXBuildFile; fileRef = 4656CE272243EFEB000ED1D1 /* SearchController.swift */; };
		4656CE2B2243EFEB000ED1D1 /* Main.storyboard in Resources */ = {isa = PBXBuildFile; fileRef = 4656CE292243EFEB000ED1D1 /* Main.storyboard */; };
		4656CE2E2243EFEB000ED1D1 /* Reciplease.xcdatamodeld in Sources */ = {isa = PBXBuildFile; fileRef = 4656CE2C2243EFEB000ED1D1 /* Reciplease.xcdatamodeld */; };
		4656CE302243EFEC000ED1D1 /* Assets.xcassets in Resources */ = {isa = PBXBuildFile; fileRef = 4656CE2F2243EFEC000ED1D1 /* Assets.xcassets */; };
		4656CE332243EFEC000ED1D1 /* LaunchScreen.storyboard in Resources */ = {isa = PBXBuildFile; fileRef = 4656CE312243EFEC000ED1D1 /* LaunchScreen.storyboard */; };
		4656CE3E2243EFEC000ED1D1 /* RecipleaseTests.swift in Sources */ = {isa = PBXBuildFile; fileRef = 4656CE3D2243EFEC000ED1D1 /* RecipleaseTests.swift */; };
		4656CE4B2243F032000ED1D1 /* Recipe.swift in Sources */ = {isa = PBXBuildFile; fileRef = 4656CE4A2243F032000ED1D1 /* Recipe.swift */; };
		4656CE4E2243F069000ED1D1 /* RecipesGateway.swift in Sources */ = {isa = PBXBuildFile; fileRef = 4656CE4D2243F069000ED1D1 /* RecipesGateway.swift */; };
		4656CE502243F0C1000ED1D1 /* Result.swift in Sources */ = {isa = PBXBuildFile; fileRef = 4656CE4F2243F0C1000ED1D1 /* Result.swift */; };
		4656CE532243F0E5000ED1D1 /* AddRecipe.swift in Sources */ = {isa = PBXBuildFile; fileRef = 4656CE522243F0E5000ED1D1 /* AddRecipe.swift */; };
		4656CE552243F17A000ED1D1 /* DeleteRecipe.swift in Sources */ = {isa = PBXBuildFile; fileRef = 4656CE542243F17A000ED1D1 /* DeleteRecipe.swift */; };
		4656CE572243F29A000ED1D1 /* DisplayRecipesList.swift in Sources */ = {isa = PBXBuildFile; fileRef = 4656CE562243F29A000ED1D1 /* DisplayRecipesList.swift */; };
		4656CE5C2243F37F000ED1D1 /* CoreDataRecipe.swift in Sources */ = {isa = PBXBuildFile; fileRef = 4656CE5B2243F37F000ED1D1 /* CoreDataRecipe.swift */; };
		4656CE622243F512000ED1D1 /* LocalPersistenceRecipeGateway.swift in Sources */ = {isa = PBXBuildFile; fileRef = 4656CE612243F512000ED1D1 /* LocalPersistenceRecipeGateway.swift */; };
		4656CE642243F571000ED1D1 /* NSManagedObjectContext-Utils.swift in Sources */ = {isa = PBXBuildFile; fileRef = 4656CE632243F571000ED1D1 /* NSManagedObjectContext-Utils.swift */; };
		4656CE662243F6AE000ED1D1 /* CoreDataStack.swift in Sources */ = {isa = PBXBuildFile; fileRef = 4656CE652243F6AE000ED1D1 /* CoreDataStack.swift */; };
		4656CE6A2243F7B2000ED1D1 /* ApiRecipeList.swift in Sources */ = {isa = PBXBuildFile; fileRef = 4656CE692243F7B2000ED1D1 /* ApiRecipeList.swift */; };
		4656CE702243F8EA000ED1D1 /* ApiRecipesGateway.swift in Sources */ = {isa = PBXBuildFile; fileRef = 4656CE6F2243F8EA000ED1D1 /* ApiRecipesGateway.swift */; };
		4656CE722243FD1F000ED1D1 /* ApiClient.swift in Sources */ = {isa = PBXBuildFile; fileRef = 4656CE712243FD1F000ED1D1 /* ApiClient.swift */; };
		4656CE772244062F000ED1D1 /* TabBarController.swift in Sources */ = {isa = PBXBuildFile; fileRef = 4656CE762244062F000ED1D1 /* TabBarController.swift */; };
		4656CE7A224410E9000ED1D1 /* UITextField+bottomBoder.swift in Sources */ = {isa = PBXBuildFile; fileRef = 4656CE79224410E9000ED1D1 /* UITextField+bottomBoder.swift */; };
		4656CE7E22442842000ED1D1 /* IngredientCell.xib in Resources */ = {isa = PBXBuildFile; fileRef = 4656CE7D22442842000ED1D1 /* IngredientCell.xib */; };
		4656CE80224428B1000ED1D1 /* IngredientCell.swift in Sources */ = {isa = PBXBuildFile; fileRef = 4656CE7F224428B1000ED1D1 /* IngredientCell.swift */; };
		468F28B9224429F800D7B772 /* UITableViewExtensions.swift in Sources */ = {isa = PBXBuildFile; fileRef = 468F28B8224429F800D7B772 /* UITableViewExtensions.swift */; };
		468F28C0224434BC00D7B772 /* SearchPresenter.swift in Sources */ = {isa = PBXBuildFile; fileRef = 468F28BF224434BC00D7B772 /* SearchPresenter.swift */; };
		468F28C22244363F00D7B772 /* SearchConfigurator.swift in Sources */ = {isa = PBXBuildFile; fileRef = 468F28C12244363F00D7B772 /* SearchConfigurator.swift */; };
		468F28C62244421900D7B772 /* UIViewExtensions.swift in Sources */ = {isa = PBXBuildFile; fileRef = 468F28C52244421900D7B772 /* UIViewExtensions.swift */; };
		468F28C822444E3C00D7B772 /* UIViewControllerExtensions.swift in Sources */ = {isa = PBXBuildFile; fileRef = 468F28C722444E3C00D7B772 /* UIViewControllerExtensions.swift */; };
		468F28CA2244C28C00D7B772 /* SearchViewRouter.swift in Sources */ = {isa = PBXBuildFile; fileRef = 468F28C92244C28C00D7B772 /* SearchViewRouter.swift */; };
		468F28CC2244C2D000D7B772 /* ViewRouter.swift in Sources */ = {isa = PBXBuildFile; fileRef = 468F28CB2244C2D000D7B772 /* ViewRouter.swift */; };
		468F28CE2244C3EF00D7B772 /* RecipesListController.swift in Sources */ = {isa = PBXBuildFile; fileRef = 468F28CD2244C3EF00D7B772 /* RecipesListController.swift */; };
		468F28D12244C61800D7B772 /* RecipesListConfigurator.swift in Sources */ = {isa = PBXBuildFile; fileRef = 468F28D02244C61800D7B772 /* RecipesListConfigurator.swift */; };
		468F28D32244CB2100D7B772 /* RecipesListCell.xib in Resources */ = {isa = PBXBuildFile; fileRef = 468F28D22244CB2100D7B772 /* RecipesListCell.xib */; };
		468F28D52244CD7C00D7B772 /* RecipesListCell.swift in Sources */ = {isa = PBXBuildFile; fileRef = 468F28D42244CD7C00D7B772 /* RecipesListCell.swift */; };
		468F28D72244D50500D7B772 /* RecipesListPresenter.swift in Sources */ = {isa = PBXBuildFile; fileRef = 468F28D62244D50500D7B772 /* RecipesListPresenter.swift */; };
		468F28D92244D98C00D7B772 /* RecipeListRouter.swift in Sources */ = {isa = PBXBuildFile; fileRef = 468F28D82244D98C00D7B772 /* RecipeListRouter.swift */; };
		468F28DB2244E8B500D7B772 /* UIImageViewExtensions.swift in Sources */ = {isa = PBXBuildFile; fileRef = 468F28DA2244E8B500D7B772 /* UIImageViewExtensions.swift */; };
		468F28E022450BEA00D7B772 /* RecipeDetailController.swift in Sources */ = {isa = PBXBuildFile; fileRef = 468F28DF22450BEA00D7B772 /* RecipeDetailController.swift */; };
		468F28E222450C1500D7B772 /* RecipeDetailPresenter.swift in Sources */ = {isa = PBXBuildFile; fileRef = 468F28E122450C1500D7B772 /* RecipeDetailPresenter.swift */; };
		468F28E422450CEC00D7B772 /* RecipeDetailConfigurator.swift in Sources */ = {isa = PBXBuildFile; fileRef = 468F28E322450CEC00D7B772 /* RecipeDetailConfigurator.swift */; };
		4696E9F0224543CD00BBC312 /* RecipesListLocalController.swift in Sources */ = {isa = PBXBuildFile; fileRef = 4696E9EF224543CD00BBC312 /* RecipesListLocalController.swift */; };
		4696E9F2224545B500BBC312 /* RecipeListLocalRouter.swift in Sources */ = {isa = PBXBuildFile; fileRef = 4696E9F1224545B500BBC312 /* RecipeListLocalRouter.swift */; };
		4696E9F4224545F400BBC312 /* RecipesListLocalPresenter.swift in Sources */ = {isa = PBXBuildFile; fileRef = 4696E9F3224545F400BBC312 /* RecipesListLocalPresenter.swift */; };
		4696E9F6224546CB00BBC312 /* RecipesListLocalConfigurator.swift in Sources */ = {isa = PBXBuildFile; fileRef = 4696E9F5224546CB00BBC312 /* RecipesListLocalConfigurator.swift */; };
		4696E9FA2245595900BBC312 /* RecipeDetailLocalController.swift in Sources */ = {isa = PBXBuildFile; fileRef = 4696E9F92245595900BBC312 /* RecipeDetailLocalController.swift */; };
		4696E9FC2245597700BBC312 /* RecipeDetailLocalPresenter.swift in Sources */ = {isa = PBXBuildFile; fileRef = 4696E9FB2245597700BBC312 /* RecipeDetailLocalPresenter.swift */; };
		4696E9FE22455A3200BBC312 /* RecipeDetailLocalConfigurator.swift in Sources */ = {isa = PBXBuildFile; fileRef = 4696E9FD22455A3200BBC312 /* RecipeDetailLocalConfigurator.swift */; };
		4696EA0422457D4900BBC312 /* RecipeDetailLocalViewRouter.swift in Sources */ = {isa = PBXBuildFile; fileRef = 4696EA0322457D4900BBC312 /* RecipeDetailLocalViewRouter.swift */; };
		B01A94F55C61870907A52547 /* Pods_Reciplease.framework in Frameworks */ = {isa = PBXBuildFile; fileRef = E2A82F7CDC8064E368B15D55 /* Pods_Reciplease.framework */; };
/* End PBXBuildFile section */

/* Begin PBXContainerItemProxy section */
		4656CE3A2243EFEC000ED1D1 /* PBXContainerItemProxy */ = {
			isa = PBXContainerItemProxy;
			containerPortal = 4656CE1A2243EFEB000ED1D1 /* Project object */;
			proxyType = 1;
			remoteGlobalIDString = 4656CE212243EFEB000ED1D1;
			remoteInfo = Reciplease;
		};
/* End PBXContainerItemProxy section */

/* Begin PBXFileReference section */
		2319572DB2F151CA32AC9F1C /* Pods-Reciplease.release.xcconfig */ = {isa = PBXFileReference; includeInIndex = 1; lastKnownFileType = text.xcconfig; name = "Pods-Reciplease.release.xcconfig"; path = "Target Support Files/Pods-Reciplease/Pods-Reciplease.release.xcconfig"; sourceTree = "<group>"; };
		2ABD0A05DCF8FACD9D9F7ED6 /* Pods-RecipleaseTests.release.xcconfig */ = {isa = PBXFileReference; includeInIndex = 1; lastKnownFileType = text.xcconfig; name = "Pods-RecipleaseTests.release.xcconfig"; path = "Target Support Files/Pods-RecipleaseTests/Pods-RecipleaseTests.release.xcconfig"; sourceTree = "<group>"; };
		4656CE222243EFEB000ED1D1 /* Reciplease.app */ = {isa = PBXFileReference; explicitFileType = wrapper.application; includeInIndex = 0; path = Reciplease.app; sourceTree = BUILT_PRODUCTS_DIR; };
		4656CE252243EFEB000ED1D1 /* AppDelegate.swift */ = {isa = PBXFileReference; lastKnownFileType = sourcecode.swift; path = AppDelegate.swift; sourceTree = "<group>"; };
		4656CE272243EFEB000ED1D1 /* SearchController.swift */ = {isa = PBXFileReference; lastKnownFileType = sourcecode.swift; path = SearchController.swift; sourceTree = "<group>"; };
		4656CE2A2243EFEB000ED1D1 /* Base */ = {isa = PBXFileReference; lastKnownFileType = file.storyboard; name = Base; path = Base.lproj/Main.storyboard; sourceTree = "<group>"; };
		4656CE2D2243EFEB000ED1D1 /* Reciplease.xcdatamodel */ = {isa = PBXFileReference; lastKnownFileType = wrapper.xcdatamodel; path = Reciplease.xcdatamodel; sourceTree = "<group>"; };
		4656CE2F2243EFEC000ED1D1 /* Assets.xcassets */ = {isa = PBXFileReference; lastKnownFileType = folder.assetcatalog; path = Assets.xcassets; sourceTree = "<group>"; };
		4656CE322243EFEC000ED1D1 /* Base */ = {isa = PBXFileReference; lastKnownFileType = file.storyboard; name = Base; path = Base.lproj/LaunchScreen.storyboard; sourceTree = "<group>"; };
		4656CE342243EFEC000ED1D1 /* Info.plist */ = {isa = PBXFileReference; lastKnownFileType = text.plist.xml; path = Info.plist; sourceTree = "<group>"; };
		4656CE392243EFEC000ED1D1 /* RecipleaseTests.xctest */ = {isa = PBXFileReference; explicitFileType = wrapper.cfbundle; includeInIndex = 0; path = RecipleaseTests.xctest; sourceTree = BUILT_PRODUCTS_DIR; };
		4656CE3D2243EFEC000ED1D1 /* RecipleaseTests.swift */ = {isa = PBXFileReference; lastKnownFileType = sourcecode.swift; path = RecipleaseTests.swift; sourceTree = "<group>"; };
		4656CE3F2243EFEC000ED1D1 /* Info.plist */ = {isa = PBXFileReference; lastKnownFileType = text.plist.xml; path = Info.plist; sourceTree = "<group>"; };
		4656CE4A2243F032000ED1D1 /* Recipe.swift */ = {isa = PBXFileReference; lastKnownFileType = sourcecode.swift; path = Recipe.swift; sourceTree = "<group>"; };
		4656CE4D2243F069000ED1D1 /* RecipesGateway.swift */ = {isa = PBXFileReference; lastKnownFileType = sourcecode.swift; path = RecipesGateway.swift; sourceTree = "<group>"; };
		4656CE4F2243F0C1000ED1D1 /* Result.swift */ = {isa = PBXFileReference; lastKnownFileType = sourcecode.swift; path = Result.swift; sourceTree = "<group>"; };
		4656CE522243F0E5000ED1D1 /* AddRecipe.swift */ = {isa = PBXFileReference; lastKnownFileType = sourcecode.swift; path = AddRecipe.swift; sourceTree = "<group>"; };
		4656CE542243F17A000ED1D1 /* DeleteRecipe.swift */ = {isa = PBXFileReference; lastKnownFileType = sourcecode.swift; path = DeleteRecipe.swift; sourceTree = "<group>"; };
		4656CE562243F29A000ED1D1 /* DisplayRecipesList.swift */ = {isa = PBXFileReference; lastKnownFileType = sourcecode.swift; path = DisplayRecipesList.swift; sourceTree = "<group>"; };
		4656CE5B2243F37F000ED1D1 /* CoreDataRecipe.swift */ = {isa = PBXFileReference; lastKnownFileType = sourcecode.swift; path = CoreDataRecipe.swift; sourceTree = "<group>"; };
		4656CE612243F512000ED1D1 /* LocalPersistenceRecipeGateway.swift */ = {isa = PBXFileReference; lastKnownFileType = sourcecode.swift; path = LocalPersistenceRecipeGateway.swift; sourceTree = "<group>"; };
		4656CE632243F571000ED1D1 /* NSManagedObjectContext-Utils.swift */ = {isa = PBXFileReference; lastKnownFileType = sourcecode.swift; path = "NSManagedObjectContext-Utils.swift"; sourceTree = "<group>"; };
		4656CE652243F6AE000ED1D1 /* CoreDataStack.swift */ = {isa = PBXFileReference; lastKnownFileType = sourcecode.swift; path = CoreDataStack.swift; sourceTree = "<group>"; };
		4656CE692243F7B2000ED1D1 /* ApiRecipeList.swift */ = {isa = PBXFileReference; lastKnownFileType = sourcecode.swift; path = ApiRecipeList.swift; sourceTree = "<group>"; };
		4656CE6F2243F8EA000ED1D1 /* ApiRecipesGateway.swift */ = {isa = PBXFileReference; lastKnownFileType = sourcecode.swift; path = ApiRecipesGateway.swift; sourceTree = "<group>"; };
		4656CE712243FD1F000ED1D1 /* ApiClient.swift */ = {isa = PBXFileReference; lastKnownFileType = sourcecode.swift; path = ApiClient.swift; sourceTree = "<group>"; };
		4656CE762244062F000ED1D1 /* TabBarController.swift */ = {isa = PBXFileReference; lastKnownFileType = sourcecode.swift; path = TabBarController.swift; sourceTree = "<group>"; };
		4656CE79224410E9000ED1D1 /* UITextField+bottomBoder.swift */ = {isa = PBXFileReference; lastKnownFileType = sourcecode.swift; path = "UITextField+bottomBoder.swift"; sourceTree = "<group>"; };
		4656CE7D22442842000ED1D1 /* IngredientCell.xib */ = {isa = PBXFileReference; lastKnownFileType = file.xib; path = IngredientCell.xib; sourceTree = "<group>"; };
		4656CE7F224428B1000ED1D1 /* IngredientCell.swift */ = {isa = PBXFileReference; lastKnownFileType = sourcecode.swift; path = IngredientCell.swift; sourceTree = "<group>"; };
		468F28B8224429F800D7B772 /* UITableViewExtensions.swift */ = {isa = PBXFileReference; lastKnownFileType = sourcecode.swift; path = UITableViewExtensions.swift; sourceTree = "<group>"; };
		468F28BF224434BC00D7B772 /* SearchPresenter.swift */ = {isa = PBXFileReference; lastKnownFileType = sourcecode.swift; path = SearchPresenter.swift; sourceTree = "<group>"; };
		468F28C12244363F00D7B772 /* SearchConfigurator.swift */ = {isa = PBXFileReference; lastKnownFileType = sourcecode.swift; path = SearchConfigurator.swift; sourceTree = "<group>"; };
		468F28C52244421900D7B772 /* UIViewExtensions.swift */ = {isa = PBXFileReference; lastKnownFileType = sourcecode.swift; path = UIViewExtensions.swift; sourceTree = "<group>"; };
		468F28C722444E3C00D7B772 /* UIViewControllerExtensions.swift */ = {isa = PBXFileReference; lastKnownFileType = sourcecode.swift; path = UIViewControllerExtensions.swift; sourceTree = "<group>"; };
		468F28C92244C28C00D7B772 /* SearchViewRouter.swift */ = {isa = PBXFileReference; lastKnownFileType = sourcecode.swift; path = SearchViewRouter.swift; sourceTree = "<group>"; };
		468F28CB2244C2D000D7B772 /* ViewRouter.swift */ = {isa = PBXFileReference; lastKnownFileType = sourcecode.swift; path = ViewRouter.swift; sourceTree = "<group>"; };
		468F28CD2244C3EF00D7B772 /* RecipesListController.swift */ = {isa = PBXFileReference; lastKnownFileType = sourcecode.swift; path = RecipesListController.swift; sourceTree = "<group>"; };
		468F28D02244C61800D7B772 /* RecipesListConfigurator.swift */ = {isa = PBXFileReference; lastKnownFileType = sourcecode.swift; path = RecipesListConfigurator.swift; sourceTree = "<group>"; };
		468F28D22244CB2100D7B772 /* RecipesListCell.xib */ = {isa = PBXFileReference; lastKnownFileType = file.xib; path = RecipesListCell.xib; sourceTree = "<group>"; };
		468F28D42244CD7C00D7B772 /* RecipesListCell.swift */ = {isa = PBXFileReference; lastKnownFileType = sourcecode.swift; path = RecipesListCell.swift; sourceTree = "<group>"; };
		468F28D62244D50500D7B772 /* RecipesListPresenter.swift */ = {isa = PBXFileReference; lastKnownFileType = sourcecode.swift; path = RecipesListPresenter.swift; sourceTree = "<group>"; };
		468F28D82244D98C00D7B772 /* RecipeListRouter.swift */ = {isa = PBXFileReference; lastKnownFileType = sourcecode.swift; path = RecipeListRouter.swift; sourceTree = "<group>"; };
		468F28DA2244E8B500D7B772 /* UIImageViewExtensions.swift */ = {isa = PBXFileReference; lastKnownFileType = sourcecode.swift; path = UIImageViewExtensions.swift; sourceTree = "<group>"; };
		468F28DF22450BEA00D7B772 /* RecipeDetailController.swift */ = {isa = PBXFileReference; lastKnownFileType = sourcecode.swift; path = RecipeDetailController.swift; sourceTree = "<group>"; };
		468F28E122450C1500D7B772 /* RecipeDetailPresenter.swift */ = {isa = PBXFileReference; lastKnownFileType = sourcecode.swift; path = RecipeDetailPresenter.swift; sourceTree = "<group>"; };
		468F28E322450CEC00D7B772 /* RecipeDetailConfigurator.swift */ = {isa = PBXFileReference; lastKnownFileType = sourcecode.swift; path = RecipeDetailConfigurator.swift; sourceTree = "<group>"; };
		4696E9EF224543CD00BBC312 /* RecipesListLocalController.swift */ = {isa = PBXFileReference; lastKnownFileType = sourcecode.swift; path = RecipesListLocalController.swift; sourceTree = "<group>"; };
		4696E9F1224545B500BBC312 /* RecipeListLocalRouter.swift */ = {isa = PBXFileReference; lastKnownFileType = sourcecode.swift; path = RecipeListLocalRouter.swift; sourceTree = "<group>"; };
		4696E9F3224545F400BBC312 /* RecipesListLocalPresenter.swift */ = {isa = PBXFileReference; lastKnownFileType = sourcecode.swift; path = RecipesListLocalPresenter.swift; sourceTree = "<group>"; };
		4696E9F5224546CB00BBC312 /* RecipesListLocalConfigurator.swift */ = {isa = PBXFileReference; lastKnownFileType = sourcecode.swift; path = RecipesListLocalConfigurator.swift; sourceTree = "<group>"; };
		4696E9F92245595900BBC312 /* RecipeDetailLocalController.swift */ = {isa = PBXFileReference; lastKnownFileType = sourcecode.swift; path = RecipeDetailLocalController.swift; sourceTree = "<group>"; };
		4696E9FB2245597700BBC312 /* RecipeDetailLocalPresenter.swift */ = {isa = PBXFileReference; lastKnownFileType = sourcecode.swift; path = RecipeDetailLocalPresenter.swift; sourceTree = "<group>"; };
		4696E9FD22455A3200BBC312 /* RecipeDetailLocalConfigurator.swift */ = {isa = PBXFileReference; lastKnownFileType = sourcecode.swift; path = RecipeDetailLocalConfigurator.swift; sourceTree = "<group>"; };
		4696EA0322457D4900BBC312 /* RecipeDetailLocalViewRouter.swift */ = {isa = PBXFileReference; lastKnownFileType = sourcecode.swift; path = RecipeDetailLocalViewRouter.swift; sourceTree = "<group>"; };
		9F55E5A1A79A43D40ADA0D55 /* Pods_RecipleaseTests.framework */ = {isa = PBXFileReference; explicitFileType = wrapper.framework; includeInIndex = 0; path = Pods_RecipleaseTests.framework; sourceTree = BUILT_PRODUCTS_DIR; };
		C5C8AB84C5BBBBF3CFC15713 /* Pods-RecipleaseTests.debug.xcconfig */ = {isa = PBXFileReference; includeInIndex = 1; lastKnownFileType = text.xcconfig; name = "Pods-RecipleaseTests.debug.xcconfig"; path = "Target Support Files/Pods-RecipleaseTests/Pods-RecipleaseTests.debug.xcconfig"; sourceTree = "<group>"; };
		E2A82F7CDC8064E368B15D55 /* Pods_Reciplease.framework */ = {isa = PBXFileReference; explicitFileType = wrapper.framework; includeInIndex = 0; path = Pods_Reciplease.framework; sourceTree = BUILT_PRODUCTS_DIR; };
		F98C8E5216E24136E9B0915D /* Pods-Reciplease.debug.xcconfig */ = {isa = PBXFileReference; includeInIndex = 1; lastKnownFileType = text.xcconfig; name = "Pods-Reciplease.debug.xcconfig"; path = "Target Support Files/Pods-Reciplease/Pods-Reciplease.debug.xcconfig"; sourceTree = "<group>"; };
/* End PBXFileReference section */

/* Begin PBXFrameworksBuildPhase section */
		4656CE1F2243EFEB000ED1D1 /* Frameworks */ = {
			isa = PBXFrameworksBuildPhase;
			buildActionMask = 2147483647;
			files = (
				B01A94F55C61870907A52547 /* Pods_Reciplease.framework in Frameworks */,
			);
			runOnlyForDeploymentPostprocessing = 0;
		};
		4656CE362243EFEC000ED1D1 /* Frameworks */ = {
			isa = PBXFrameworksBuildPhase;
			buildActionMask = 2147483647;
			files = (
				4125884C80CBB967054EDEC0 /* Pods_RecipleaseTests.framework in Frameworks */,
			);
			runOnlyForDeploymentPostprocessing = 0;
		};
/* End PBXFrameworksBuildPhase section */

/* Begin PBXGroup section */
		4656CE192243EFEB000ED1D1 = {
			isa = PBXGroup;
			children = (
				4656CE242243EFEB000ED1D1 /* Reciplease */,
				4656CE3C2243EFEC000ED1D1 /* RecipleaseTests */,
				4656CE232243EFEB000ED1D1 /* Products */,
				92A51912C4215C0ED8C2A1B5 /* Pods */,
				C1E70A5AC05C588F9BE2D7C8 /* Frameworks */,
			);
			sourceTree = "<group>";
		};
		4656CE232243EFEB000ED1D1 /* Products */ = {
			isa = PBXGroup;
			children = (
				4656CE222243EFEB000ED1D1 /* Reciplease.app */,
				4656CE392243EFEC000ED1D1 /* RecipleaseTests.xctest */,
			);
			name = Products;
			sourceTree = "<group>";
		};
		4656CE242243EFEB000ED1D1 /* Reciplease */ = {
			isa = PBXGroup;
			children = (
				4656CE752244029B000ED1D1 /* Main */,
				4656CE482243F020000ED1D1 /* Core */,
				4656CE582243F342000ED1D1 /* EntityGateway */,
				4656CE7322440272000ED1D1 /* Scenes */,
				4656CE292243EFEB000ED1D1 /* Main.storyboard */,
				4656CE7422440289000ED1D1 /* Supporting Files */,
			);
			path = Reciplease;
			sourceTree = "<group>";
		};
		4656CE3C2243EFEC000ED1D1 /* RecipleaseTests */ = {
			isa = PBXGroup;
			children = (
				4656CE3D2243EFEC000ED1D1 /* RecipleaseTests.swift */,
				4656CE3F2243EFEC000ED1D1 /* Info.plist */,
			);
			path = RecipleaseTests;
			sourceTree = "<group>";
		};
		4656CE482243F020000ED1D1 /* Core */ = {
			isa = PBXGroup;
			children = (
				4656CE512243F0DA000ED1D1 /* UseCases */,
				4656CE4C2243F05A000ED1D1 /* Gateways */,
				4656CE492243F02B000ED1D1 /* Entities */,
				4656CE4F2243F0C1000ED1D1 /* Result.swift */,
			);
			path = Core;
			sourceTree = "<group>";
		};
		4656CE492243F02B000ED1D1 /* Entities */ = {
			isa = PBXGroup;
			children = (
				4656CE4A2243F032000ED1D1 /* Recipe.swift */,
			);
			path = Entities;
			sourceTree = "<group>";
		};
		4656CE4C2243F05A000ED1D1 /* Gateways */ = {
			isa = PBXGroup;
			children = (
				4656CE4D2243F069000ED1D1 /* RecipesGateway.swift */,
			);
			path = Gateways;
			sourceTree = "<group>";
		};
		4656CE512243F0DA000ED1D1 /* UseCases */ = {
			isa = PBXGroup;
			children = (
				4656CE522243F0E5000ED1D1 /* AddRecipe.swift */,
				4656CE542243F17A000ED1D1 /* DeleteRecipe.swift */,
				4656CE562243F29A000ED1D1 /* DisplayRecipesList.swift */,
			);
			path = UseCases;
			sourceTree = "<group>";
		};
		4656CE582243F342000ED1D1 /* EntityGateway */ = {
			isa = PBXGroup;
			children = (
				4656CE672243F785000ED1D1 /* API */,
				4656CE592243F356000ED1D1 /* LocalPersistence */,
			);
			path = EntityGateway;
			sourceTree = "<group>";
		};
		4656CE592243F356000ED1D1 /* LocalPersistence */ = {
			isa = PBXGroup;
			children = (
				4656CE5D2243F4E4000ED1D1 /* Gateways */,
				4656CE5A2243F374000ED1D1 /* Entities */,
				4656CE652243F6AE000ED1D1 /* CoreDataStack.swift */,
				4656CE632243F571000ED1D1 /* NSManagedObjectContext-Utils.swift */,
				4656CE2C2243EFEB000ED1D1 /* Reciplease.xcdatamodeld */,
			);
			path = LocalPersistence;
			sourceTree = "<group>";
		};
		4656CE5A2243F374000ED1D1 /* Entities */ = {
			isa = PBXGroup;
			children = (
				4656CE5B2243F37F000ED1D1 /* CoreDataRecipe.swift */,
			);
			path = Entities;
			sourceTree = "<group>";
		};
		4656CE5D2243F4E4000ED1D1 /* Gateways */ = {
			isa = PBXGroup;
			children = (
				4656CE612243F512000ED1D1 /* LocalPersistenceRecipeGateway.swift */,
			);
			path = Gateways;
			sourceTree = "<group>";
		};
		4656CE672243F785000ED1D1 /* API */ = {
			isa = PBXGroup;
			children = (
				4656CE6E2243F8B4000ED1D1 /* Gateway */,
				4656CE682243F7AB000ED1D1 /* Entities */,
				4656CE712243FD1F000ED1D1 /* ApiClient.swift */,
			);
			path = API;
			sourceTree = "<group>";
		};
		4656CE682243F7AB000ED1D1 /* Entities */ = {
			isa = PBXGroup;
			children = (
				4656CE692243F7B2000ED1D1 /* ApiRecipeList.swift */,
			);
			path = Entities;
			sourceTree = "<group>";
		};
		4656CE6E2243F8B4000ED1D1 /* Gateway */ = {
			isa = PBXGroup;
			children = (
				4656CE6F2243F8EA000ED1D1 /* ApiRecipesGateway.swift */,
			);
			path = Gateway;
			sourceTree = "<group>";
		};
		4656CE7322440272000ED1D1 /* Scenes */ = {
			isa = PBXGroup;
			children = (
				4656CE762244062F000ED1D1 /* TabBarController.swift */,
				468F28CB2244C2D000D7B772 /* ViewRouter.swift */,
				4696E9E4224526A200BBC312 /* Remote */,
				4696E9E622453DBB00BBC312 /* Local */,
				4656CE78224410D8000ED1D1 /* Helpers */,
			);
			path = Scenes;
			sourceTree = "<group>";
		};
		4656CE7422440289000ED1D1 /* Supporting Files */ = {
			isa = PBXGroup;
			children = (
				4656CE2F2243EFEC000ED1D1 /* Assets.xcassets */,
				4656CE312243EFEC000ED1D1 /* LaunchScreen.storyboard */,
				4656CE342243EFEC000ED1D1 /* Info.plist */,
			);
			path = "Supporting Files";
			sourceTree = "<group>";
		};
		4656CE752244029B000ED1D1 /* Main */ = {
			isa = PBXGroup;
			children = (
				4656CE252243EFEB000ED1D1 /* AppDelegate.swift */,
			);
			path = Main;
			sourceTree = "<group>";
		};
		4656CE78224410D8000ED1D1 /* Helpers */ = {
			isa = PBXGroup;
			children = (
				4656CE79224410E9000ED1D1 /* UITextField+bottomBoder.swift */,
				468F28B8224429F800D7B772 /* UITableViewExtensions.swift */,
				468F28C52244421900D7B772 /* UIViewExtensions.swift */,
				468F28C722444E3C00D7B772 /* UIViewControllerExtensions.swift */,
				468F28DA2244E8B500D7B772 /* UIImageViewExtensions.swift */,
			);
			path = Helpers;
			sourceTree = "<group>";
		};
		468F28BA22442AB900D7B772 /* Search */ = {
			isa = PBXGroup;
			children = (
				4656CE272243EFEB000ED1D1 /* SearchController.swift */,
				4656CE7F224428B1000ED1D1 /* IngredientCell.swift */,
				4656CE7D22442842000ED1D1 /* IngredientCell.xib */,
				468F28BF224434BC00D7B772 /* SearchPresenter.swift */,
				468F28C12244363F00D7B772 /* SearchConfigurator.swift */,
				468F28C92244C28C00D7B772 /* SearchViewRouter.swift */,
			);
			path = Search;
			sourceTree = "<group>";
		};
		468F28CF2244C60900D7B772 /* RecipesList */ = {
			isa = PBXGroup;
			children = (
				468F28CD2244C3EF00D7B772 /* RecipesListController.swift */,
				468F28D82244D98C00D7B772 /* RecipeListRouter.swift */,
				468F28D62244D50500D7B772 /* RecipesListPresenter.swift */,
				468F28D02244C61800D7B772 /* RecipesListConfigurator.swift */,
				468F28D42244CD7C00D7B772 /* RecipesListCell.swift */,
				468F28D22244CB2100D7B772 /* RecipesListCell.xib */,
			);
			path = RecipesList;
			sourceTree = "<group>";
		};
		468F28DE22450BD700D7B772 /* RecipeDetail */ = {
			isa = PBXGroup;
			children = (
				468F28DF22450BEA00D7B772 /* RecipeDetailController.swift */,
				468F28E122450C1500D7B772 /* RecipeDetailPresenter.swift */,
				468F28E322450CEC00D7B772 /* RecipeDetailConfigurator.swift */,
			);
			path = RecipeDetail;
			sourceTree = "<group>";
		};
		4696E9E4224526A200BBC312 /* Remote */ = {
			isa = PBXGroup;
			children = (
				468F28DE22450BD700D7B772 /* RecipeDetail */,
				468F28CF2244C60900D7B772 /* RecipesList */,
				468F28BA22442AB900D7B772 /* Search */,
			);
			path = Remote;
			sourceTree = "<group>";
		};
		4696E9E622453DBB00BBC312 /* Local */ = {
			isa = PBXGroup;
			children = (
				4696E9F82245594B00BBC312 /* RecipeDetail */,
				4696E9F72245594200BBC312 /* RecipeList */,
			);
			path = Local;
			sourceTree = "<group>";
		};
		4696E9F72245594200BBC312 /* RecipeList */ = {
			isa = PBXGroup;
			children = (
				4696E9EF224543CD00BBC312 /* RecipesListLocalController.swift */,
				4696E9F3224545F400BBC312 /* RecipesListLocalPresenter.swift */,
				4696E9F1224545B500BBC312 /* RecipeListLocalRouter.swift */,
				4696E9F5224546CB00BBC312 /* RecipesListLocalConfigurator.swift */,
			);
			path = RecipeList;
			sourceTree = "<group>";
		};
		4696E9F82245594B00BBC312 /* RecipeDetail */ = {
			isa = PBXGroup;
			children = (
				4696E9F92245595900BBC312 /* RecipeDetailLocalController.swift */,
				4696E9FB2245597700BBC312 /* RecipeDetailLocalPresenter.swift */,
				4696E9FD22455A3200BBC312 /* RecipeDetailLocalConfigurator.swift */,
				4696EA0322457D4900BBC312 /* RecipeDetailLocalViewRouter.swift */,
			);
			path = RecipeDetail;
			sourceTree = "<group>";
		};
		92A51912C4215C0ED8C2A1B5 /* Pods */ = {
			isa = PBXGroup;
			children = (
				F98C8E5216E24136E9B0915D /* Pods-Reciplease.debug.xcconfig */,
				2319572DB2F151CA32AC9F1C /* Pods-Reciplease.release.xcconfig */,
				C5C8AB84C5BBBBF3CFC15713 /* Pods-RecipleaseTests.debug.xcconfig */,
				2ABD0A05DCF8FACD9D9F7ED6 /* Pods-RecipleaseTests.release.xcconfig */,
			);
			path = Pods;
			sourceTree = "<group>";
		};
		C1E70A5AC05C588F9BE2D7C8 /* Frameworks */ = {
			isa = PBXGroup;
			children = (
				E2A82F7CDC8064E368B15D55 /* Pods_Reciplease.framework */,
				9F55E5A1A79A43D40ADA0D55 /* Pods_RecipleaseTests.framework */,
			);
			name = Frameworks;
			sourceTree = "<group>";
		};
/* End PBXGroup section */

/* Begin PBXNativeTarget section */
		4656CE212243EFEB000ED1D1 /* Reciplease */ = {
			isa = PBXNativeTarget;
			buildConfigurationList = 4656CE422243EFEC000ED1D1 /* Build configuration list for PBXNativeTarget "Reciplease" */;
			buildPhases = (
				561050970BC2C186A9D74EC1 /* [CP] Check Pods Manifest.lock */,
				4656CE1E2243EFEB000ED1D1 /* Sources */,
				4656CE1F2243EFEB000ED1D1 /* Frameworks */,
				4656CE202243EFEB000ED1D1 /* Resources */,
				D720CFC5770E63CCBDC6488B /* [CP] Embed Pods Frameworks */,
			);
			buildRules = (
			);
			dependencies = (
			);
			name = Reciplease;
			productName = Reciplease;
			productReference = 4656CE222243EFEB000ED1D1 /* Reciplease.app */;
			productType = "com.apple.product-type.application";
		};
		4656CE382243EFEC000ED1D1 /* RecipleaseTests */ = {
			isa = PBXNativeTarget;
			buildConfigurationList = 4656CE452243EFEC000ED1D1 /* Build configuration list for PBXNativeTarget "RecipleaseTests" */;
			buildPhases = (
				99C7FA76BE043A59315464B5 /* [CP] Check Pods Manifest.lock */,
				4656CE352243EFEC000ED1D1 /* Sources */,
				4656CE362243EFEC000ED1D1 /* Frameworks */,
				4656CE372243EFEC000ED1D1 /* Resources */,
			);
			buildRules = (
			);
			dependencies = (
				4656CE3B2243EFEC000ED1D1 /* PBXTargetDependency */,
			);
			name = RecipleaseTests;
			productName = RecipleaseTests;
			productReference = 4656CE392243EFEC000ED1D1 /* RecipleaseTests.xctest */;
			productType = "com.apple.product-type.bundle.unit-test";
		};
/* End PBXNativeTarget section */

/* Begin PBXProject section */
		4656CE1A2243EFEB000ED1D1 /* Project object */ = {
			isa = PBXProject;
			attributes = {
				LastSwiftUpdateCheck = 1010;
				LastUpgradeCheck = 1010;
				ORGANIZATIONNAME = "Christophe Bugnon";
				TargetAttributes = {
					4656CE212243EFEB000ED1D1 = {
						CreatedOnToolsVersion = 10.1;
					};
					4656CE382243EFEC000ED1D1 = {
						CreatedOnToolsVersion = 10.1;
						TestTargetID = 4656CE212243EFEB000ED1D1;
					};
				};
			};
			buildConfigurationList = 4656CE1D2243EFEB000ED1D1 /* Build configuration list for PBXProject "Reciplease" */;
			compatibilityVersion = "Xcode 9.3";
			developmentRegion = en;
			hasScannedForEncodings = 0;
			knownRegions = (
				en,
				Base,
			);
			mainGroup = 4656CE192243EFEB000ED1D1;
			productRefGroup = 4656CE232243EFEB000ED1D1 /* Products */;
			projectDirPath = "";
			projectRoot = "";
			targets = (
				4656CE212243EFEB000ED1D1 /* Reciplease */,
				4656CE382243EFEC000ED1D1 /* RecipleaseTests */,
			);
		};
/* End PBXProject section */

/* Begin PBXResourcesBuildPhase section */
		4656CE202243EFEB000ED1D1 /* Resources */ = {
			isa = PBXResourcesBuildPhase;
			buildActionMask = 2147483647;
			files = (
				468F28D32244CB2100D7B772 /* RecipesListCell.xib in Resources */,
				4656CE7E22442842000ED1D1 /* IngredientCell.xib in Resources */,
				4656CE332243EFEC000ED1D1 /* LaunchScreen.storyboard in Resources */,
				4656CE302243EFEC000ED1D1 /* Assets.xcassets in Resources */,
				4656CE2B2243EFEB000ED1D1 /* Main.storyboard in Resources */,
			);
			runOnlyForDeploymentPostprocessing = 0;
		};
		4656CE372243EFEC000ED1D1 /* Resources */ = {
			isa = PBXResourcesBuildPhase;
			buildActionMask = 2147483647;
			files = (
			);
			runOnlyForDeploymentPostprocessing = 0;
		};
/* End PBXResourcesBuildPhase section */

/* Begin PBXShellScriptBuildPhase section */
		561050970BC2C186A9D74EC1 /* [CP] Check Pods Manifest.lock */ = {
			isa = PBXShellScriptBuildPhase;
			buildActionMask = 2147483647;
			files = (
			);
			inputFileListPaths = (
			);
			inputPaths = (
				"${PODS_PODFILE_DIR_PATH}/Podfile.lock",
				"${PODS_ROOT}/Manifest.lock",
			);
			name = "[CP] Check Pods Manifest.lock";
			outputFileListPaths = (
			);
			outputPaths = (
				"$(DERIVED_FILE_DIR)/Pods-Reciplease-checkManifestLockResult.txt",
			);
			runOnlyForDeploymentPostprocessing = 0;
			shellPath = /bin/sh;
			shellScript = "diff \"${PODS_PODFILE_DIR_PATH}/Podfile.lock\" \"${PODS_ROOT}/Manifest.lock\" > /dev/null\nif [ $? != 0 ] ; then\n    # print error to STDERR\n    echo \"error: The sandbox is not in sync with the Podfile.lock. Run 'pod install' or update your CocoaPods installation.\" >&2\n    exit 1\nfi\n# This output is used by Xcode 'outputs' to avoid re-running this script phase.\necho \"SUCCESS\" > \"${SCRIPT_OUTPUT_FILE_0}\"\n";
			showEnvVarsInLog = 0;
		};
		99C7FA76BE043A59315464B5 /* [CP] Check Pods Manifest.lock */ = {
			isa = PBXShellScriptBuildPhase;
			buildActionMask = 2147483647;
			files = (
			);
			inputFileListPaths = (
			);
			inputPaths = (
				"${PODS_PODFILE_DIR_PATH}/Podfile.lock",
				"${PODS_ROOT}/Manifest.lock",
			);
			name = "[CP] Check Pods Manifest.lock";
			outputFileListPaths = (
			);
			outputPaths = (
				"$(DERIVED_FILE_DIR)/Pods-RecipleaseTests-checkManifestLockResult.txt",
			);
			runOnlyForDeploymentPostprocessing = 0;
			shellPath = /bin/sh;
			shellScript = "diff \"${PODS_PODFILE_DIR_PATH}/Podfile.lock\" \"${PODS_ROOT}/Manifest.lock\" > /dev/null\nif [ $? != 0 ] ; then\n    # print error to STDERR\n    echo \"error: The sandbox is not in sync with the Podfile.lock. Run 'pod install' or update your CocoaPods installation.\" >&2\n    exit 1\nfi\n# This output is used by Xcode 'outputs' to avoid re-running this script phase.\necho \"SUCCESS\" > \"${SCRIPT_OUTPUT_FILE_0}\"\n";
			showEnvVarsInLog = 0;
		};
		D720CFC5770E63CCBDC6488B /* [CP] Embed Pods Frameworks */ = {
			isa = PBXShellScriptBuildPhase;
			buildActionMask = 2147483647;
			files = (
			);
			inputFileListPaths = (
				"${PODS_ROOT}/Target Support Files/Pods-Reciplease/Pods-Reciplease-frameworks-${CONFIGURATION}-input-files.xcfilelist",
			);
			name = "[CP] Embed Pods Frameworks";
			outputFileListPaths = (
				"${PODS_ROOT}/Target Support Files/Pods-Reciplease/Pods-Reciplease-frameworks-${CONFIGURATION}-output-files.xcfilelist",
			);
			runOnlyForDeploymentPostprocessing = 0;
			shellPath = /bin/sh;
			shellScript = "\"${PODS_ROOT}/Target Support Files/Pods-Reciplease/Pods-Reciplease-frameworks.sh\"\n";
			showEnvVarsInLog = 0;
		};
/* End PBXShellScriptBuildPhase section */

/* Begin PBXSourcesBuildPhase section */
		4656CE1E2243EFEB000ED1D1 /* Sources */ = {
			isa = PBXSourcesBuildPhase;
			buildActionMask = 2147483647;
			files = (
				4656CE5C2243F37F000ED1D1 /* CoreDataRecipe.swift in Sources */,
				468F28E422450CEC00D7B772 /* RecipeDetailConfigurator.swift in Sources */,
				4656CE642243F571000ED1D1 /* NSManagedObjectContext-Utils.swift in Sources */,
				468F28DB2244E8B500D7B772 /* UIImageViewExtensions.swift in Sources */,
				4696E9F4224545F400BBC312 /* RecipesListLocalPresenter.swift in Sources */,
				468F28E222450C1500D7B772 /* RecipeDetailPresenter.swift in Sources */,
				4656CE6A2243F7B2000ED1D1 /* ApiRecipeList.swift in Sources */,
				468F28CC2244C2D000D7B772 /* ViewRouter.swift in Sources */,
				468F28E022450BEA00D7B772 /* RecipeDetailController.swift in Sources */,
				4656CE552243F17A000ED1D1 /* DeleteRecipe.swift in Sources */,
				468F28C62244421900D7B772 /* UIViewExtensions.swift in Sources */,
				4656CE722243FD1F000ED1D1 /* ApiClient.swift in Sources */,
				4696E9FC2245597700BBC312 /* RecipeDetailLocalPresenter.swift in Sources */,
				4656CE502243F0C1000ED1D1 /* Result.swift in Sources */,
				4656CE772244062F000ED1D1 /* TabBarController.swift in Sources */,
				4696E9FE22455A3200BBC312 /* RecipeDetailLocalConfigurator.swift in Sources */,
				4656CE532243F0E5000ED1D1 /* AddRecipe.swift in Sources */,
				4656CE2E2243EFEB000ED1D1 /* Reciplease.xcdatamodeld in Sources */,
				4696EA0422457D4900BBC312 /* RecipeDetailLocalViewRouter.swift in Sources */,
				4656CE662243F6AE000ED1D1 /* CoreDataStack.swift in Sources */,
				468F28C22244363F00D7B772 /* SearchConfigurator.swift in Sources */,
				4656CE282243EFEB000ED1D1 /* SearchController.swift in Sources */,
				4656CE80224428B1000ED1D1 /* IngredientCell.swift in Sources */,
				4656CE7A224410E9000ED1D1 /* UITextField+bottomBoder.swift in Sources */,
				468F28D72244D50500D7B772 /* RecipesListPresenter.swift in Sources */,
				4656CE702243F8EA000ED1D1 /* ApiRecipesGateway.swift in Sources */,
				468F28C822444E3C00D7B772 /* UIViewControllerExtensions.swift in Sources */,
				468F28D52244CD7C00D7B772 /* RecipesListCell.swift in Sources */,
				4656CE572243F29A000ED1D1 /* DisplayRecipesList.swift in Sources */,
				468F28B9224429F800D7B772 /* UITableViewExtensions.swift in Sources */,
				4656CE622243F512000ED1D1 /* LocalPersistenceRecipeGateway.swift in Sources */,
				468F28D92244D98C00D7B772 /* RecipeListRouter.swift in Sources */,
				4656CE262243EFEB000ED1D1 /* AppDelegate.swift in Sources */,
				468F28D12244C61800D7B772 /* RecipesListConfigurator.swift in Sources */,
				4656CE4B2243F032000ED1D1 /* Recipe.swift in Sources */,
				4696E9F2224545B500BBC312 /* RecipeListLocalRouter.swift in Sources */,
				4656CE4E2243F069000ED1D1 /* RecipesGateway.swift in Sources */,
				4696E9FA2245595900BBC312 /* RecipeDetailLocalController.swift in Sources */,
				4696E9F6224546CB00BBC312 /* RecipesListLocalConfigurator.swift in Sources */,
				468F28CA2244C28C00D7B772 /* SearchViewRouter.swift in Sources */,
				468F28CE2244C3EF00D7B772 /* RecipesListController.swift in Sources */,
				4696E9F0224543CD00BBC312 /* RecipesListLocalController.swift in Sources */,
				468F28C0224434BC00D7B772 /* SearchPresenter.swift in Sources */,
			);
			runOnlyForDeploymentPostprocessing = 0;
		};
		4656CE352243EFEC000ED1D1 /* Sources */ = {
			isa = PBXSourcesBuildPhase;
			buildActionMask = 2147483647;
			files = (
				4656CE3E2243EFEC000ED1D1 /* RecipleaseTests.swift in Sources */,
			);
			runOnlyForDeploymentPostprocessing = 0;
		};
/* End PBXSourcesBuildPhase section */

/* Begin PBXTargetDependency section */
		4656CE3B2243EFEC000ED1D1 /* PBXTargetDependency */ = {
			isa = PBXTargetDependency;
			target = 4656CE212243EFEB000ED1D1 /* Reciplease */;
			targetProxy = 4656CE3A2243EFEC000ED1D1 /* PBXContainerItemProxy */;
		};
/* End PBXTargetDependency section */

/* Begin PBXVariantGroup section */
		4656CE292243EFEB000ED1D1 /* Main.storyboard */ = {
			isa = PBXVariantGroup;
			children = (
				4656CE2A2243EFEB000ED1D1 /* Base */,
			);
			name = Main.storyboard;
			sourceTree = "<group>";
		};
		4656CE312243EFEC000ED1D1 /* LaunchScreen.storyboard */ = {
			isa = PBXVariantGroup;
			children = (
				4656CE322243EFEC000ED1D1 /* Base */,
			);
			name = LaunchScreen.storyboard;
			sourceTree = "<group>";
		};
/* End PBXVariantGroup section */

/* Begin XCBuildConfiguration section */
		4656CE402243EFEC000ED1D1 /* Debug */ = {
			isa = XCBuildConfiguration;
			buildSettings = {
				ALWAYS_SEARCH_USER_PATHS = NO;
				CLANG_ANALYZER_NONNULL = YES;
				CLANG_ANALYZER_NUMBER_OBJECT_CONVERSION = YES_AGGRESSIVE;
				CLANG_CXX_LANGUAGE_STANDARD = "gnu++14";
				CLANG_CXX_LIBRARY = "libc++";
				CLANG_ENABLE_MODULES = YES;
				CLANG_ENABLE_OBJC_ARC = YES;
				CLANG_ENABLE_OBJC_WEAK = YES;
				CLANG_WARN_BLOCK_CAPTURE_AUTORELEASING = YES;
				CLANG_WARN_BOOL_CONVERSION = YES;
				CLANG_WARN_COMMA = YES;
				CLANG_WARN_CONSTANT_CONVERSION = YES;
				CLANG_WARN_DEPRECATED_OBJC_IMPLEMENTATIONS = YES;
				CLANG_WARN_DIRECT_OBJC_ISA_USAGE = YES_ERROR;
				CLANG_WARN_DOCUMENTATION_COMMENTS = YES;
				CLANG_WARN_EMPTY_BODY = YES;
				CLANG_WARN_ENUM_CONVERSION = YES;
				CLANG_WARN_INFINITE_RECURSION = YES;
				CLANG_WARN_INT_CONVERSION = YES;
				CLANG_WARN_NON_LITERAL_NULL_CONVERSION = YES;
				CLANG_WARN_OBJC_IMPLICIT_RETAIN_SELF = YES;
				CLANG_WARN_OBJC_LITERAL_CONVERSION = YES;
				CLANG_WARN_OBJC_ROOT_CLASS = YES_ERROR;
				CLANG_WARN_RANGE_LOOP_ANALYSIS = YES;
				CLANG_WARN_STRICT_PROTOTYPES = YES;
				CLANG_WARN_SUSPICIOUS_MOVE = YES;
				CLANG_WARN_UNGUARDED_AVAILABILITY = YES_AGGRESSIVE;
				CLANG_WARN_UNREACHABLE_CODE = YES;
				CLANG_WARN__DUPLICATE_METHOD_MATCH = YES;
				CODE_SIGN_IDENTITY = "iPhone Developer";
				COPY_PHASE_STRIP = NO;
				DEBUG_INFORMATION_FORMAT = dwarf;
				ENABLE_STRICT_OBJC_MSGSEND = YES;
				ENABLE_TESTABILITY = YES;
				GCC_C_LANGUAGE_STANDARD = gnu11;
				GCC_DYNAMIC_NO_PIC = NO;
				GCC_NO_COMMON_BLOCKS = YES;
				GCC_OPTIMIZATION_LEVEL = 0;
				GCC_PREPROCESSOR_DEFINITIONS = (
					"DEBUG=1",
					"$(inherited)",
				);
				GCC_WARN_64_TO_32_BIT_CONVERSION = YES;
				GCC_WARN_ABOUT_RETURN_TYPE = YES_ERROR;
				GCC_WARN_UNDECLARED_SELECTOR = YES;
				GCC_WARN_UNINITIALIZED_AUTOS = YES_AGGRESSIVE;
				GCC_WARN_UNUSED_FUNCTION = YES;
				GCC_WARN_UNUSED_VARIABLE = YES;
				IPHONEOS_DEPLOYMENT_TARGET = 12.1;
				MTL_ENABLE_DEBUG_INFO = INCLUDE_SOURCE;
				MTL_FAST_MATH = YES;
				ONLY_ACTIVE_ARCH = YES;
				SDKROOT = iphoneos;
				SWIFT_ACTIVE_COMPILATION_CONDITIONS = DEBUG;
				SWIFT_OPTIMIZATION_LEVEL = "-Onone";
			};
			name = Debug;
		};
		4656CE412243EFEC000ED1D1 /* Release */ = {
			isa = XCBuildConfiguration;
			buildSettings = {
				ALWAYS_SEARCH_USER_PATHS = NO;
				CLANG_ANALYZER_NONNULL = YES;
				CLANG_ANALYZER_NUMBER_OBJECT_CONVERSION = YES_AGGRESSIVE;
				CLANG_CXX_LANGUAGE_STANDARD = "gnu++14";
				CLANG_CXX_LIBRARY = "libc++";
				CLANG_ENABLE_MODULES = YES;
				CLANG_ENABLE_OBJC_ARC = YES;
				CLANG_ENABLE_OBJC_WEAK = YES;
				CLANG_WARN_BLOCK_CAPTURE_AUTORELEASING = YES;
				CLANG_WARN_BOOL_CONVERSION = YES;
				CLANG_WARN_COMMA = YES;
				CLANG_WARN_CONSTANT_CONVERSION = YES;
				CLANG_WARN_DEPRECATED_OBJC_IMPLEMENTATIONS = YES;
				CLANG_WARN_DIRECT_OBJC_ISA_USAGE = YES_ERROR;
				CLANG_WARN_DOCUMENTATION_COMMENTS = YES;
				CLANG_WARN_EMPTY_BODY = YES;
				CLANG_WARN_ENUM_CONVERSION = YES;
				CLANG_WARN_INFINITE_RECURSION = YES;
				CLANG_WARN_INT_CONVERSION = YES;
				CLANG_WARN_NON_LITERAL_NULL_CONVERSION = YES;
				CLANG_WARN_OBJC_IMPLICIT_RETAIN_SELF = YES;
				CLANG_WARN_OBJC_LITERAL_CONVERSION = YES;
				CLANG_WARN_OBJC_ROOT_CLASS = YES_ERROR;
				CLANG_WARN_RANGE_LOOP_ANALYSIS = YES;
				CLANG_WARN_STRICT_PROTOTYPES = YES;
				CLANG_WARN_SUSPICIOUS_MOVE = YES;
				CLANG_WARN_UNGUARDED_AVAILABILITY = YES_AGGRESSIVE;
				CLANG_WARN_UNREACHABLE_CODE = YES;
				CLANG_WARN__DUPLICATE_METHOD_MATCH = YES;
				CODE_SIGN_IDENTITY = "iPhone Developer";
				COPY_PHASE_STRIP = NO;
				DEBUG_INFORMATION_FORMAT = "dwarf-with-dsym";
				ENABLE_NS_ASSERTIONS = NO;
				ENABLE_STRICT_OBJC_MSGSEND = YES;
				GCC_C_LANGUAGE_STANDARD = gnu11;
				GCC_NO_COMMON_BLOCKS = YES;
				GCC_WARN_64_TO_32_BIT_CONVERSION = YES;
				GCC_WARN_ABOUT_RETURN_TYPE = YES_ERROR;
				GCC_WARN_UNDECLARED_SELECTOR = YES;
				GCC_WARN_UNINITIALIZED_AUTOS = YES_AGGRESSIVE;
				GCC_WARN_UNUSED_FUNCTION = YES;
				GCC_WARN_UNUSED_VARIABLE = YES;
				IPHONEOS_DEPLOYMENT_TARGET = 12.1;
				MTL_ENABLE_DEBUG_INFO = NO;
				MTL_FAST_MATH = YES;
				SDKROOT = iphoneos;
				SWIFT_COMPILATION_MODE = wholemodule;
				SWIFT_OPTIMIZATION_LEVEL = "-O";
				VALIDATE_PRODUCT = YES;
			};
			name = Release;
		};
		4656CE432243EFEC000ED1D1 /* Debug */ = {
			isa = XCBuildConfiguration;
			baseConfigurationReference = F98C8E5216E24136E9B0915D /* Pods-Reciplease.debug.xcconfig */;
			buildSettings = {
				ASSETCATALOG_COMPILER_APPICON_NAME = AppIcon;
				CODE_SIGN_STYLE = Automatic;
				DEVELOPMENT_TEAM = 78BZCUCGN3;
				INFOPLIST_FILE = "Reciplease/Supporting Files/Info.plist";
				LD_RUNPATH_SEARCH_PATHS = (
					"$(inherited)",
					"@executable_path/Frameworks",
				);
				PRODUCT_BUNDLE_IDENTIFIER = com.christophebugnon.Reciplease;
				PRODUCT_NAME = "$(TARGET_NAME)";
				SWIFT_VERSION = 4.2;
				TARGETED_DEVICE_FAMILY = "1,2";
			};
			name = Debug;
		};
		4656CE442243EFEC000ED1D1 /* Release */ = {
			isa = XCBuildConfiguration;
			baseConfigurationReference = 2319572DB2F151CA32AC9F1C /* Pods-Reciplease.release.xcconfig */;
			buildSettings = {
				ASSETCATALOG_COMPILER_APPICON_NAME = AppIcon;
				CODE_SIGN_STYLE = Automatic;
				DEVELOPMENT_TEAM = 78BZCUCGN3;
				INFOPLIST_FILE = "Reciplease/Supporting Files/Info.plist";
				LD_RUNPATH_SEARCH_PATHS = (
					"$(inherited)",
					"@executable_path/Frameworks",
				);
				PRODUCT_BUNDLE_IDENTIFIER = com.christophebugnon.Reciplease;
				PRODUCT_NAME = "$(TARGET_NAME)";
				SWIFT_VERSION = 4.2;
				TARGETED_DEVICE_FAMILY = "1,2";
			};
			name = Release;
		};
		4656CE462243EFEC000ED1D1 /* Debug */ = {
			isa = XCBuildConfiguration;
			baseConfigurationReference = C5C8AB84C5BBBBF3CFC15713 /* Pods-RecipleaseTests.debug.xcconfig */;
			buildSettings = {
				ALWAYS_EMBED_SWIFT_STANDARD_LIBRARIES = YES;
				BUNDLE_LOADER = "$(TEST_HOST)";
				CODE_SIGN_STYLE = Automatic;
				DEVELOPMENT_TEAM = 78BZCUCGN3;
				INFOPLIST_FILE = RecipleaseTests/Info.plist;
				LD_RUNPATH_SEARCH_PATHS = (
					"$(inherited)",
					"@executable_path/Frameworks",
					"@loader_path/Frameworks",
				);
				PRODUCT_BUNDLE_IDENTIFIER = com.christophebugnon.RecipleaseTests;
				PRODUCT_NAME = "$(TARGET_NAME)";
				SWIFT_VERSION = 4.2;
				TARGETED_DEVICE_FAMILY = "1,2";
				TEST_HOST = "$(BUILT_PRODUCTS_DIR)/Reciplease.app/Reciplease";
			};
			name = Debug;
		};
		4656CE472243EFEC000ED1D1 /* Release */ = {
			isa = XCBuildConfiguration;
			baseConfigurationReference = 2ABD0A05DCF8FACD9D9F7ED6 /* Pods-RecipleaseTests.release.xcconfig */;
			buildSettings = {
				ALWAYS_EMBED_SWIFT_STANDARD_LIBRARIES = YES;
				BUNDLE_LOADER = "$(TEST_HOST)";
				CODE_SIGN_STYLE = Automatic;
				DEVELOPMENT_TEAM = 78BZCUCGN3;
				INFOPLIST_FILE = RecipleaseTests/Info.plist;
				LD_RUNPATH_SEARCH_PATHS = (
					"$(inherited)",
					"@executable_path/Frameworks",
					"@loader_path/Frameworks",
				);
				PRODUCT_BUNDLE_IDENTIFIER = com.christophebugnon.RecipleaseTests;
				PRODUCT_NAME = "$(TARGET_NAME)";
				SWIFT_VERSION = 4.2;
				TARGETED_DEVICE_FAMILY = "1,2";
				TEST_HOST = "$(BUILT_PRODUCTS_DIR)/Reciplease.app/Reciplease";
			};
			name = Release;
		};
/* End XCBuildConfiguration section */

/* Begin XCConfigurationList section */
		4656CE1D2243EFEB000ED1D1 /* Build configuration list for PBXProject "Reciplease" */ = {
			isa = XCConfigurationList;
			buildConfigurations = (
				4656CE402243EFEC000ED1D1 /* Debug */,
				4656CE412243EFEC000ED1D1 /* Release */,
			);
			defaultConfigurationIsVisible = 0;
			defaultConfigurationName = Release;
		};
		4656CE422243EFEC000ED1D1 /* Build configuration list for PBXNativeTarget "Reciplease" */ = {
			isa = XCConfigurationList;
			buildConfigurations = (
				4656CE432243EFEC000ED1D1 /* Debug */,
				4656CE442243EFEC000ED1D1 /* Release */,
			);
			defaultConfigurationIsVisible = 0;
			defaultConfigurationName = Release;
		};
		4656CE452243EFEC000ED1D1 /* Build configuration list for PBXNativeTarget "RecipleaseTests" */ = {
			isa = XCConfigurationList;
			buildConfigurations = (
				4656CE462243EFEC000ED1D1 /* Debug */,
				4656CE472243EFEC000ED1D1 /* Release */,
			);
			defaultConfigurationIsVisible = 0;
			defaultConfigurationName = Release;
		};
/* End XCConfigurationList section */

/* Begin XCVersionGroup section */
		4656CE2C2243EFEB000ED1D1 /* Reciplease.xcdatamodeld */ = {
			isa = XCVersionGroup;
			children = (
				4656CE2D2243EFEB000ED1D1 /* Reciplease.xcdatamodel */,
			);
			currentVersion = 4656CE2D2243EFEB000ED1D1 /* Reciplease.xcdatamodel */;
			path = Reciplease.xcdatamodeld;
			sourceTree = "<group>";
			versionGroupType = wrapper.xcdatamodel;
		};
/* End XCVersionGroup section */
	};
	rootObject = 4656CE1A2243EFEB000ED1D1 /* Project object */;
}
